// !$*UTF8*$!
{
	archiveVersion = 1;
	classes = {
	};
	objectVersion = 46;
	objects = {

/* Begin PBXBuildFile section */
		E48E7C54159F1432002FCA27 /* UIKit.framework in Frameworks */ = {isa = PBXBuildFile; fileRef = E48E7C53159F1432002FCA27 /* UIKit.framework */; };
		E48E7C56159F1432002FCA27 /* Foundation.framework in Frameworks */ = {isa = PBXBuildFile; fileRef = E48E7C55159F1432002FCA27 /* Foundation.framework */; };
		E48E7C58159F1432002FCA27 /* CoreGraphics.framework in Frameworks */ = {isa = PBXBuildFile; fileRef = E48E7C57159F1432002FCA27 /* CoreGraphics.framework */; };
		E48E7C5E159F1432002FCA27 /* InfoPlist.strings in Resources */ = {isa = PBXBuildFile; fileRef = E48E7C5C159F1432002FCA27 /* InfoPlist.strings */; };
		E48E7C60159F1432002FCA27 /* main.m in Sources */ = {isa = PBXBuildFile; fileRef = E48E7C5F159F1432002FCA27 /* main.m */; };
		E48E7C64159F1432002FCA27 /* AppDelegate.m in Sources */ = {isa = PBXBuildFile; fileRef = E48E7C63159F1432002FCA27 /* AppDelegate.m */; };
		E48E7C67159F1432002FCA27 /* ViewController.m in Sources */ = {isa = PBXBuildFile; fileRef = E48E7C66159F1432002FCA27 /* ViewController.m */; };
		E48E7C6A159F1432002FCA27 /* ViewController.xib in Resources */ = {isa = PBXBuildFile; fileRef = E48E7C68159F1432002FCA27 /* ViewController.xib */; };
/* End PBXBuildFile section */

/* Begin PBXFileReference section */
		E48E7C4F159F1432002FCA27 /* test3D.app */ = {isa = PBXFileReference; explicitFileType = wrapper.application; includeInIndex = 0; path = test3D.app; sourceTree = BUILT_PRODUCTS_DIR; };
		E48E7C53159F1432002FCA27 /* UIKit.framework */ = {isa = PBXFileReference; lastKnownFileType = wrapper.framework; name = UIKit.framework; path = System/Library/Frameworks/UIKit.framework; sourceTree = SDKROOT; };
		E48E7C55159F1432002FCA27 /* Foundation.framework */ = {isa = PBXFileReference; lastKnownFileType = wrapper.framework; name = Foundation.framework; path = System/Library/Frameworks/Foundation.framework; sourceTree = SDKROOT; };
		E48E7C57159F1432002FCA27 /* CoreGraphics.framework */ = {isa = PBXFileReference; lastKnownFileType = wrapper.framework; name = CoreGraphics.framework; path = System/Library/Frameworks/CoreGraphics.framework; sourceTree = SDKROOT; };
		E48E7C5B159F1432002FCA27 /* test3D-Info.plist */ = {isa = PBXFileReference; path = "test3D-Info.plist"; sourceTree = "<group>"; };
		E48E7C5D159F1432002FCA27 /* en */ = {isa = PBXFileReference; lastKnownFileType = text.plist.strings; name = en; path = en.lproj/InfoPlist.strings; sourceTree = "<group>"; };
		E48E7C5F159F1432002FCA27 /* main.m */ = {isa = PBXFileReference; lastKnownFileType = sourcecode.c.objc; path = main.m; sourceTree = "<group>"; };
		E48E7C61159F1432002FCA27 /* test3D-Prefix.pch */ = {isa = PBXFileReference; path = "test3D-Prefix.pch"; sourceTree = "<group>"; };
		E48E7C62159F1432002FCA27 /* AppDelegate.h */ = {isa = PBXFileReference; path = AppDelegate.h; sourceTree = "<group>"; };
		E48E7C63159F1432002FCA27 /* AppDelegate.m */ = {isa = PBXFileReference; lastKnownFileType = sourcecode.c.objc; path = AppDelegate.m; sourceTree = "<group>"; };
		E48E7C65159F1432002FCA27 /* ViewController.h */ = {isa = PBXFileReference; path = ViewController.h; sourceTree = "<group>"; };
		E48E7C66159F1432002FCA27 /* ViewController.m */ = {isa = PBXFileReference; lastKnownFileType = sourcecode.c.objc; path = ViewController.m; sourceTree = "<group>"; };
		E48E7C69159F1432002FCA27 /* en */ = {isa = PBXFileReference; lastKnownFileType = file.xib; name = en; path = en.lproj/ViewController.xib; sourceTree = "<group>"; };
/* End PBXFileReference section */

/* Begin PBXFrameworksBuildPhase section */
		E48E7C4C159F1432002FCA27 /* Frameworks */ = {
			isa = PBXFrameworksBuildPhase;
			buildActionMask = 2147483647;
			files = (
				E48E7C54159F1432002FCA27 /* UIKit.framework in Frameworks */,
				E48E7C56159F1432002FCA27 /* Foundation.framework in Frameworks */,
				E48E7C58159F1432002FCA27 /* CoreGraphics.framework in Frameworks */,
			);
			runOnlyForDeploymentPostprocessing = 0;
		};
/* End PBXFrameworksBuildPhase section */

/* Begin PBXGroup section */
		E48E7C44159F1431002FCA27 = {
			isa = PBXGroup;
			children = (
				E48E7C59159F1432002FCA27 /* test3D */,
				E48E7C52159F1432002FCA27 /* Frameworks */,
				E48E7C50159F1432002FCA27 /* Products */,
			);
			sourceTree = "<group>";
		};
		E48E7C50159F1432002FCA27 /* Products */ = {
			isa = PBXGroup;
			children = (
				E48E7C4F159F1432002FCA27 /* test3D.app */,
			);
			name = Products;
			sourceTree = "<group>";
		};
		E48E7C52159F1432002FCA27 /* Frameworks */ = {
			isa = PBXGroup;
			children = (
				E48E7C53159F1432002FCA27 /* UIKit.framework */,
				E48E7C55159F1432002FCA27 /* Foundation.framework */,
				E48E7C57159F1432002FCA27 /* CoreGraphics.framework */,
			);
			name = Frameworks;
			sourceTree = "<group>";
		};
		E48E7C59159F1432002FCA27 /* test3D */ = {
			isa = PBXGroup;
			children = (
				E48E7C62159F1432002FCA27 /* AppDelegate.h */,
				E48E7C63159F1432002FCA27 /* AppDelegate.m */,
				E48E7C65159F1432002FCA27 /* ViewController.h */,
				E48E7C66159F1432002FCA27 /* ViewController.m */,
				E48E7C68159F1432002FCA27 /* ViewController.xib */,
				E48E7C5A159F1432002FCA27 /* Supporting Files */,
			);
			path = test3D;
			sourceTree = "<group>";
		};
		E48E7C5A159F1432002FCA27 /* Supporting Files */ = {
			isa = PBXGroup;
			children = (
				E48E7C5B159F1432002FCA27 /* test3D-Info.plist */,
				E48E7C5C159F1432002FCA27 /* InfoPlist.strings */,
				E48E7C5F159F1432002FCA27 /* main.m */,
				E48E7C61159F1432002FCA27 /* test3D-Prefix.pch */,
			);
			name = "Supporting Files";
			sourceTree = "<group>";
		};
/* End PBXGroup section */

/* Begin PBXNativeTarget section */
		E48E7C4E159F1432002FCA27 /* test3D */ = {
			isa = PBXNativeTarget;
			buildConfigurationList = E48E7C6D159F1432002FCA27 /* Build configuration list for PBXNativeTarget "test3D" */;
			buildPhases = (
				E48E7C4B159F1432002FCA27 /* Sources */,
				E48E7C4C159F1432002FCA27 /* Frameworks */,
				E48E7C4D159F1432002FCA27 /* Resources */,
			);
			buildRules = (
			);
			dependencies = (
			);
			name = test3D;
			productName = test3D;
			productReference = E48E7C4F159F1432002FCA27 /* test3D.app */;
			productType = "com.apple.product-type.application";
		};
/* End PBXNativeTarget section */

/* Begin PBXProject section */
		E48E7C46159F1431002FCA27 /* Project object */ = {
			isa = PBXProject;
			attributes = {
				LastUpgradeCheck = 0430;
				ORGANIZATIONNAME = BSTU;
			};
			buildConfigurationList = E48E7C49159F1431002FCA27 /* Build configuration list for PBXProject "test3D" */;
			compatibilityVersion = "Xcode 3.2";
			developmentRegion = English;
			hasScannedForEncodings = 0;
			knownRegions = (
				en,
			);
			mainGroup = E48E7C44159F1431002FCA27;
			productRefGroup = E48E7C50159F1432002FCA27 /* Products */;
			projectDirPath = "";
			projectRoot = "";
			targets = (
				E48E7C4E159F1432002FCA27 /* test3D */,
			);
		};
/* End PBXProject section */

/* Begin PBXResourcesBuildPhase section */
		E48E7C4D159F1432002FCA27 /* Resources */ = {
			isa = PBXResourcesBuildPhase;
			buildActionMask = 2147483647;
			files = (
				E48E7C5E159F1432002FCA27 /* InfoPlist.strings in Resources */,
				E48E7C6A159F1432002FCA27 /* ViewController.xib in Resources */,
			);
			runOnlyForDeploymentPostprocessing = 0;
		};
/* End PBXResourcesBuildPhase section */

/* Begin PBXSourcesBuildPhase section */
		E48E7C4B159F1432002FCA27 /* Sources */ = {
			isa = PBXSourcesBuildPhase;
			buildActionMask = 2147483647;
			files = (
				E48E7C60159F1432002FCA27 /* main.m in Sources */,
				E48E7C64159F1432002FCA27 /* AppDelegate.m in Sources */,
				E48E7C67159F1432002FCA27 /* ViewController.m in Sources */,
			);
			runOnlyForDeploymentPostprocessing = 0;
		};
/* End PBXSourcesBuildPhase section */

/* Begin PBXVariantGroup section */
		E48E7C5C159F1432002FCA27 /* InfoPlist.strings */ = {
			isa = PBXVariantGroup;
			children = (
				E48E7C5D159F1432002FCA27 /* en */,
			);
			name = InfoPlist.strings;
			sourceTree = "<group>";
		};
		E48E7C68159F1432002FCA27 /* ViewController.xib */ = {
			isa = PBXVariantGroup;
			children = (
				E48E7C69159F1432002FCA27 /* en */,
			);
			name = ViewController.xib;
			sourceTree = "<group>";
		};
/* End PBXVariantGroup section */

/* Begin XCBuildConfiguration section */
		E48E7C6B159F1432002FCA27 /* Debug */ = {
			isa = XCBuildConfiguration;
			buildSettings = {
				ALWAYS_SEARCH_USER_PATHS = NO;
				ARCHS = "$(ARCHS_STANDARD_32_BIT)";
				"CODE_SIGN_IDENTITY[sdk=iphoneos*]" = "iPhone Developer";
				COPY_PHASE_STRIP = NO;
				GCC_C_LANGUAGE_STANDARD = gnu99;
				GCC_DYNAMIC_NO_PIC = NO;
				GCC_OPTIMIZATION_LEVEL = 0;
				GCC_PREPROCESSOR_DEFINITIONS = (
					"DEBUG=1",
					"$(inherited)",
				);
				GCC_SYMBOLS_PRIVATE_EXTERN = NO;
				GCC_VERSION = com.apple.compilers.llvm.clang.1_0;
				GCC_WARN_ABOUT_RETURN_TYPE = YES;
				GCC_WARN_UNINITIALIZED_AUTOS = YES;
				GCC_WARN_UNUSED_VARIABLE = YES;
				IPHONEOS_DEPLOYMENT_TARGET = 5.1;
				SDKROOT = iphoneos;
			};
			name = Debug;
		};
		E48E7C6C159F1432002FCA27 /* Release */ = {
			isa = XCBuildConfiguration;
			buildSettings = {
				ALWAYS_SEARCH_USER_PATHS = NO;
				ARCHS = "$(ARCHS_STANDARD_32_BIT)";
				"CODE_SIGN_IDENTITY[sdk=iphoneos*]" = "iPhone Developer";
				COPY_PHASE_STRIP = YES;
				GCC_C_LANGUAGE_STANDARD = gnu99;
				GCC_VERSION = com.apple.compilers.llvm.clang.1_0;
				GCC_WARN_ABOUT_RETURN_TYPE = YES;
				GCC_WARN_UNINITIALIZED_AUTOS = YES;
				GCC_WARN_UNUSED_VARIABLE = YES;
				IPHONEOS_DEPLOYMENT_TARGET = 5.1;
				OTHER_CFLAGS = "-DNS_BLOCK_ASSERTIONS=1";
				SDKROOT = iphoneos;
				VALIDATE_PRODUCT = YES;
			};
			name = Release;
		};
		E48E7C6E159F1432002FCA27 /* Debug */ = {
			isa = XCBuildConfiguration;
			buildSettings = {
				GCC_PRECOMPILE_PREFIX_HEADER = YES;
				GCC_PREFIX_HEADER = "test3D/test3D-Prefix.pch";
				INFOPLIST_FILE = "test3D/test3D-Info.plist";
				PRODUCT_NAME = "$(TARGET_NAME)";
				WRAPPER_EXTENSION = app;
			};
			name = Debug;
		};
		E48E7C6F159F1432002FCA27 /* Release */ = {
			isa = XCBuildConfiguration;
			buildSettings = {
				GCC_PRECOMPILE_PREFIX_HEADER = YES;
				GCC_PREFIX_HEADER = "test3D/test3D-Prefix.pch";
				INFOPLIST_FILE = "test3D/test3D-Info.plist";
				PRODUCT_NAME = "$(TARGET_NAME)";
				WRAPPER_EXTENSION = app;
			};
			name = Release;
		};
/* End XCBuildConfiguration section */

/* Begin XCConfigurationList section */
		E48E7C49159F1431002FCA27 /* Build configuration list for PBXProject "test3D" */ = {
			isa = XCConfigurationList;
			buildConfigurations = (
				E48E7C6B159F1432002FCA27 /* Debug */,
				E48E7C6C159F1432002FCA27 /* Release */,
			);
			defaultConfigurationIsVisible = 0;
			defaultConfigurationName = Release;
		};
		E48E7C6D159F1432002FCA27 /* Build configuration list for PBXNativeTarget "test3D" */ = {
			isa = XCConfigurationList;
			buildConfigurations = (
				E48E7C6E159F1432002FCA27 /* Debug */,
				E48E7C6F159F1432002FCA27 /* Release */,
			);
			defaultConfigurationIsVisible = 0;
		};
/* End XCConfigurationList section */
	};
	rootObject = E48E7C46159F1431002FCA27 /* Project object */;
}
